
Microsoft Visual Studio Solution File, Format Version 12.00
# Visual Studio Version 17
VisualStudioVersion = 17.8.34511.84
MinimumVisualStudioVersion = 10.0.40219.1
Project("{FAE04EC0-301F-11D3-BF4B-00C04F79EFBC}") = "DapperCrud", "DapperCrud\DapperCrud.csproj", "{F11C42CF-CA0D-4D74-9DAC-36D699FF3A12}"
EndProject
Global
	GlobalSection(SolutionConfigurationPlatforms) = preSolution
		Debug|Any CPU = Debug|Any CPU
		Release|Any CPU = Release|Any CPU
	EndGlobalSection
	GlobalSection(ProjectConfigurationPlatforms) = postSolution
		{F11C42CF-CA0D-4D74-9DAC-36D699FF3A12}.Debug|Any CPU.ActiveCfg = Debug|Any CPU
		{F11C42CF-CA0D-4D74-9DAC-36D699FF3A12}.Debug|Any CPU.Build.0 = Debug|Any CPU
		{F11C42CF-CA0D-4D74-9DAC-36D699FF3A12}.Release|Any CPU.ActiveCfg = Release|Any CPU
		{F11C42CF-CA0D-4D74-9DAC-36D699FF3A12}.Release|Any CPU.Build.0 = Release|Any CPU
	EndGlobalSection
	GlobalSection(SolutionProperties) = preSolution
		HideSolutionNode = FALSE
	EndGlobalSection
	GlobalSection(ExtensibilityGlobals) = postSolution
		SolutionGuid = {92E2ED96-A3BB-4468-9B4D-3994FEDE6A6A}
	EndGlobalSection
EndGlobal
